
Microsoft Visual Studio Solution File, Format Version 12.00
# Visual Studio Version 16
VisualStudioVersion = 16.0.30011.22
MinimumVisualStudioVersion = 10.0.40219.1
Project("{FAE04EC0-301F-11D3-BF4B-00C04F79EFBC}") = "lab1", "lab1\lab1.csproj", "{81DC3368-8110-42B3-B717-D8607F4BE6CC}"
EndProject
Global
	GlobalSection(SolutionConfigurationPlatforms) = preSolution
		Debug|Any CPU = Debug|Any CPU
		Release|Any CPU = Release|Any CPU
	EndGlobalSection
	GlobalSection(ProjectConfigurationPlatforms) = postSolution
		{81DC3368-8110-42B3-B717-D8607F4BE6CC}.Debug|Any CPU.ActiveCfg = Debug|Any CPU
		{81DC3368-8110-42B3-B717-D8607F4BE6CC}.Debug|Any CPU.Build.0 = Debug|Any CPU
		{81DC3368-8110-42B3-B717-D8607F4BE6CC}.Release|Any CPU.ActiveCfg = Release|Any CPU
		{81DC3368-8110-42B3-B717-D8607F4BE6CC}.Release|Any CPU.Build.0 = Release|Any CPU
	EndGlobalSection
	GlobalSection(SolutionProperties) = preSolution
		HideSolutionNode = FALSE
	EndGlobalSection
	GlobalSection(ExtensibilityGlobals) = postSolution
		SolutionGuid = {67F49083-62C2-4B82-AFBB-11ACB4F46777}
	EndGlobalSection
EndGlobal
