
Microsoft Visual Studio Solution File, Format Version 12.00
# Visual Studio Version 16
VisualStudioVersion = 16.0.30011.22
MinimumVisualStudioVersion = 10.0.40219.1
Project("{FAE04EC0-301F-11D3-BF4B-00C04F79EFBC}") = "laba 2.3", "laba 2.3\laba 2.3.csproj", "{F22D65CA-7929-41A3-8BEA-349A4726AA60}"
EndProject
Global
	GlobalSection(SolutionConfigurationPlatforms) = preSolution
		Debug|Any CPU = Debug|Any CPU
		Release|Any CPU = Release|Any CPU
	EndGlobalSection
	GlobalSection(ProjectConfigurationPlatforms) = postSolution
		{F22D65CA-7929-41A3-8BEA-349A4726AA60}.Debug|Any CPU.ActiveCfg = Debug|Any CPU
		{F22D65CA-7929-41A3-8BEA-349A4726AA60}.Debug|Any CPU.Build.0 = Debug|Any CPU
		{F22D65CA-7929-41A3-8BEA-349A4726AA60}.Release|Any CPU.ActiveCfg = Release|Any CPU
		{F22D65CA-7929-41A3-8BEA-349A4726AA60}.Release|Any CPU.Build.0 = Release|Any CPU
	EndGlobalSection
	GlobalSection(SolutionProperties) = preSolution
		HideSolutionNode = FALSE
	EndGlobalSection
	GlobalSection(ExtensibilityGlobals) = postSolution
		SolutionGuid = {FE801F04-2431-45C7-9C49-3A6DAB7A4B18}
	EndGlobalSection
EndGlobal
