
Microsoft Visual Studio Solution File, Format Version 12.00
# Visual Studio Version 16
VisualStudioVersion = 16.0.30011.22
MinimumVisualStudioVersion = 10.0.40219.1
Project("{FAE04EC0-301F-11D3-BF4B-00C04F79EFBC}") = "lab6", "lab6\lab6.csproj", "{C96E0F6C-82BA-4AD9-A29C-C8DE7553E7E0}"
EndProject
Global
	GlobalSection(SolutionConfigurationPlatforms) = preSolution
		Debug|Any CPU = Debug|Any CPU
		Release|Any CPU = Release|Any CPU
	EndGlobalSection
	GlobalSection(ProjectConfigurationPlatforms) = postSolution
		{C96E0F6C-82BA-4AD9-A29C-C8DE7553E7E0}.Debug|Any CPU.ActiveCfg = Debug|Any CPU
		{C96E0F6C-82BA-4AD9-A29C-C8DE7553E7E0}.Debug|Any CPU.Build.0 = Debug|Any CPU
		{C96E0F6C-82BA-4AD9-A29C-C8DE7553E7E0}.Release|Any CPU.ActiveCfg = Release|Any CPU
		{C96E0F6C-82BA-4AD9-A29C-C8DE7553E7E0}.Release|Any CPU.Build.0 = Release|Any CPU
	EndGlobalSection
	GlobalSection(SolutionProperties) = preSolution
		HideSolutionNode = FALSE
	EndGlobalSection
	GlobalSection(ExtensibilityGlobals) = postSolution
		SolutionGuid = {9C77E62D-2E7F-4EE7-A170-2DC19590E4D5}
	EndGlobalSection
EndGlobal
